{
  "lockfile_version": "1",
  "packages": {
    "atlas@0.28": {
      "last_modified": "2024-11-28T07:51:56Z",
      "resolved": "github:NixOS/nixpkgs/226216574ada4c3ecefcbbec41f39ce4655f78ef#atlas",
      "source": "devbox-search",
      "version": "0.28.1",
      "systems": {
        "aarch64-darwin": {
          "outputs": [
            {
              "name": "out",
              "path": "/nix/store/i864jy69wd7ih7akgv88dcv2m70srvmg-atlas-0.28.1",
              "default": true
            }
          ],
          "store_path": "/nix/store/i864jy69wd7ih7akgv88dcv2m70srvmg-atlas-0.28.1"
        },
        "aarch64-linux": {
          "outputs": [
            {
              "name": "out",
              "path": "/nix/store/8rj9xjqgiqnasakzvb0s9ybplgzh0g7f-atlas-0.28.1",
              "default": true
            }
          ],
          "store_path": "/nix/store/8rj9xjqgiqnasakzvb0s9ybplgzh0g7f-atlas-0.28.1"
        },
        "x86_64-darwin": {
          "outputs": [
            {
              "name": "out",
              "path": "/nix/store/9g3n6gb7pim26yzb1wp11kr71sf2fyzq-atlas-0.28.1",
              "default": true
            }
          ],
          "store_path": "/nix/store/9g3n6gb7pim26yzb1wp11kr71sf2fyzq-atlas-0.28.1"
        },
        "x86_64-linux": {
          "outputs": [
            {
              "name": "out",
              "path": "/nix/store/dxr593rrxdczzcmvf5h7vby7nz44v4r3-atlas-0.28.1",
              "default": true
            }
          ],
          "store_path": "/nix/store/dxr593rrxdczzcmvf5h7vby7nz44v4r3-atlas-0.28.1"
        }
      }
    },
    "github:NixOS/nixpkgs/nixpkgs-unstable": {
      "last_modified": "2026-08-22T10:28:36Z",
      "resolved": "github:NixOS/nixpkgs/c8f90650c15282fa8656a041bfbbd2403997a9a7?lastModified=1787394516&narHash=sha256-pRGOQSClnXNI2iLUG6DYpsGvYcuw0drOutVZFTJNw90%3D"
    },
    "go@1.26": {
      "last_modified": "2026-08-12T11:28:58Z",
      "resolved": "github:NixOS/nixpkgs/044bfe75bfe4c7bbe043dc17b5e42ea823b84a09#go",
      "source": "devbox-search",
      "version": "1.26.5",
      "systems": {
        "aarch64-darwin": {
          "outputs": [
            {
              "name": "out",
              "path": "/nix/store/4im44k446822ixjai0mdaizqskc90qxr-go-1.26.5",
              "default": true
            }
          ],
          "store_path": "/nix/store/4im44k446822ixjai0mdaizqskc90qxr-go-1.26.5"
        },
        "aarch64-linux": {
          "outputs": [
            {
              "name": "out",
              "path": "/nix/store/yjifjy7qjzm9jli8xhzwy3y6fzw84405-go-1.26.5",
              "default": true
            }
          ],
          "store_path": "/nix/store/yjifjy7qjzm9jli8xhzwy3y6fzw84405-go-1.26.5"
        },
        "x86_64-linux": {
          "outputs": [
            {
              "name": "out",
              "path": "/nix/store/xrgn6m0c5vbz06467q06zdwnk6qqdl7z-go-1.26.5",
              "default": true
            }
          ],
          "store_path": "/nix/store/xrgn6m0c5vbz06467q06zdwnk6qqdl7z-go-1.26.5"
        }
      }
    },
    "golangci-lint@2": {
      "last_modified": "2026-08-12T11:28:58Z",
      "resolved": "github:NixOS/nixpkgs/044bfe75bfe4c7bbe043dc17b5e42ea823b84a09#golangci-lint",
      "source": "devbox-search",
      "version": "2.12.2",
      "systems": {
        "aarch64-darwin": {
          "outputs": [
            {
              "name": "out",
              "path": "/nix/store/cqawpcdr4iif6g81i9flza941zxzgac5-golangci-lint-2.12.2",
              "default": true
            }
          ],
          "store_path": "/nix/store/cqawpcdr4iif6g81i9flza941zxzgac5-golangci-lint-2.12.2"
        },
        "aarch64-linux": {
          "outputs": [
            {
              "name": "out",
              "path": "/nix/store/dyiky0qyz8p8z3c54rz5z2qdwbrf05c7-golangci-lint-2.12.2",
              "default": true
            }
          ],
          "store_path": "/nix/store/dyiky0qyz8p8z3c54rz5z2qdwbrf05c7-golangci-lint-2.12.2"
        },
        "x86_64-darwin": {
          "outputs": [
            {
              "name": "out",
              "path": "/nix/store/w8c3i6vmxnnj0xixvjsa9lva3rcd2rvs-golangci-lint-2.12.2",
              "default": true
            }
          ],
          "store_path": "/nix/store/w8c3i6vmxnnj0xixvjsa9lva3rcd2rvs-golangci-lint-2.12.2"
        },
        "x86_64-linux": {
          "outputs": [
            {
              "name": "out",
              "path": "/nix/store/yl3hlickshlf7smf4iql5lalmhi6hhqg-golangci-lint-2.12.2",
              "default": true
            }
          ],
          "store_path": "/nix/store/yl3hlickshlf7smf4iql5lalmhi6hhqg-golangci-lint-2.12.2"
        }
      }
    },
    "nodejs@22": {
      "last_modified": "2026-08-12T11:28:58Z",
      "plugin_version": "0.0.4",
      "resolved": "github:NixOS/nixpkgs/044bfe75bfe4c7bbe043dc17b5e42ea823b84a09#nodejs_22",
      "source": "devbox-search",
      "version": "22.23.2",
      "systems": {
        "aarch64-darwin": {
          "outputs": [
            {
              "name": "out",
              "path": "/nix/store/ns9a9c245s35mxq4arv4pyf3jvb2dh0i-nodejs-22.23.2",
              "default": true
            }
          ],
          "store_path": "/nix/store/ns9a9c245s35mxq4arv4pyf3jvb2dh0i-nodejs-22.23.2"
        },
        "aarch64-linux": {
          "outputs": [
            {
              "name": "out",
              "path": "/nix/store/3xbw25h18j51wl7xd28ini307d07wfrh-nodejs-22.23.2",
              "default": true
            }
          ],
          "store_path": "/nix/store/3xbw25h18j51wl7xd28ini307d07wfrh-nodejs-22.23.2"
        },
        "x86_64-linux": {
          "outputs": [
            {
              "name": "out",
              "path": "/nix/store/hyw97nxddgxfc6ag6db87rnawss2pw1a-nodejs-22.23.2",
              "default": true
            }
          ],
          "store_path": "/nix/store/hyw97nxddgxfc6ag6db87rnawss2pw1a-nodejs-22.23.2"
        }
      }
    },
    "oapi-codegen@2.4": {
      "last_modified": "2025-07-13T22:45:35Z",
      "resolved": "github:NixOS/nixpkgs/a421ac6595024edcfbb1ef950a3712b89161c359#oapi-codegen",
      "source": "devbox-search",
      "version": "2.4.1",
      "systems": {
        "aarch64-darwin": {
          "outputs": [
            {
              "name": "out",
              "path": "/nix/store/nxwl2z4a2h484nwx3hyl94wnxgq1f94w-oapi-codegen-2.4.1",
              "default": true
            }
          ],
          "store_path": "/nix/store/nxwl2z4a2h484nwx3hyl94wnxgq1f94w-oapi-codegen-2.4.1"
        },
        "aarch64-linux": {
          "outputs": [
            {
              "name": "out",
              "path": "/nix/store/mvmbnavlipc3wkhhsxdzwjqnnc37l76n-oapi-codegen-2.4.1",
              "default": true
            }
          ],
          "store_path": "/nix/store/mvmbnavlipc3wkhhsxdzwjqnnc37l76n-oapi-codegen-2.4.1"
        },
        "x86_64-darwin": {
          "outputs": [
            {
              "name": "out",
              "path": "/nix/store/04awanf27kb5b6s71zwgns26m89d9adb-oapi-codegen-2.4.1",
              "default": true
            }
          ],
          "store_path": "/nix/store/04awanf27kb5b6s71zwgns26m89d9adb-oapi-codegen-2.4.1"
        },
        "x86_64-linux": {
          "outputs": [
            {
              "name": "out",
              "path": "/nix/store/kasv7av5n35wsc9lip9wgvmwi6vjfppf-oapi-codegen-2.4.1",
              "default": true
            }
          ],
          "store_path": "/nix/store/kasv7av5n35wsc9lip9wgvmwi6vjfppf-oapi-codegen-2.4.1"
        }
      }
    }
  }
}
